
Microsoft Visual Studio Solution File, Format Version 12.00
# Visual Studio Version 16
VisualStudioVersion = 16.0.29102.190
MinimumVisualStudioVersion = 10.0.40219.1
Project("{FAE04EC0-301F-11D3-BF4B-00C04F79EFBC}") = "LightingSurvey.MvcSite", "LightingSurvey.MvcSite\LightingSurvey.MvcSite.csproj", "{4E719E65-ABBB-4227-8EAD-B836A6DD121C}"
EndProject
Global
	GlobalSection(SolutionConfigurationPlatforms) = preSolution
		Debug|Any CPU = Debug|Any CPU
		Release|Any CPU = Release|Any CPU
	EndGlobalSection
	GlobalSection(ProjectConfigurationPlatforms) = postSolution
		{4E719E65-ABBB-4227-8EAD-B836A6DD121C}.Debug|Any CPU.ActiveCfg = Debug|Any CPU
		{4E719E65-ABBB-4227-8EAD-B836A6DD121C}.Debug|Any CPU.Build.0 = Debug|Any CPU
		{4E719E65-ABBB-4227-8EAD-B836A6DD121C}.Release|Any CPU.ActiveCfg = Release|Any CPU
		{4E719E65-ABBB-4227-8EAD-B836A6DD121C}.Release|Any CPU.Build.0 = Release|Any CPU
	EndGlobalSection
	GlobalSection(SolutionProperties) = preSolution
		HideSolutionNode = FALSE
	EndGlobalSection
	GlobalSection(ExtensibilityGlobals) = postSolution
		SolutionGuid = {75441C03-0727-4810-BF6B-D530E03D8A9F}
	EndGlobalSection
EndGlobal
